{
  "version": 4,
  "terraform_version": "1.0.8",
  "serial": 1,
  "lineage": "799493c9-5b03-2167-5c9f-2188998a85cd",
  "outputs": {},
  "resources": [
    {
      "mode": "managed",
      "type": "ansible_host",
      "name": "example",
      "provider": "provider[\"terraform.lilecong.io/lilecong/ansible\"]",
      "instances": [
        {
          "schema_version": 0,
          "attributes": {
            "groups": [
              "iac"
            ],
            "id": "120.77.180.234",
            "inventory_hostname": "120.77.180.234",
            "variable_priority": 50,
            "vars": {
              "ansible_user": "root"
            }
          },
          "sensitive_attributes": [],
          "private": "bnVsbA=="
        }
      ]
    }
  ]
}
